{
  "object": {
    "pins": [
      {
        "package": "AudioKit",
        "repositoryURL": "https://github.com/AudioKit/AudioKit",
        "state": {
          "branch": null,
          "revision": "3f2b4c08c0c4ab47e11be77bce7bec840cf6587f",
          "version": null
        }
      }
    ]
  },
  "version": 1
}
